
Microsoft Visual Studio Solution File, Format Version 12.00
# Visual Studio Version 17
VisualStudioVersion = 17.6.33723.286
MinimumVisualStudioVersion = 10.0.40219.1
Project("{9A19103F-16F7-4668-BE54-9A1E7A4F7556}") = "APIForHetfield", "APIForHetfield\APIForHetfield.csproj", "{57B55BE6-754E-492E-A341-3673C2087F89}"
EndProject
Project("{FAE04EC0-301F-11D3-BF4B-00C04F79EFBC}") = "Hetfield", "Hetfield\Hetfield.csproj", "{35F54923-3ACB-43C9-85FF-F274B9F4B16A}"
EndProject
Global
	GlobalSection(SolutionConfigurationPlatforms) = preSolution
		Debug|Any CPU = Debug|Any CPU
		Release|Any CPU = Release|Any CPU
	EndGlobalSection
	GlobalSection(ProjectConfigurationPlatforms) = postSolution
		{57B55BE6-754E-492E-A341-3673C2087F89}.Debug|Any CPU.ActiveCfg = Debug|Any CPU
		{57B55BE6-754E-492E-A341-3673C2087F89}.Debug|Any CPU.Build.0 = Debug|Any CPU
		{57B55BE6-754E-492E-A341-3673C2087F89}.Release|Any CPU.ActiveCfg = Release|Any CPU
		{57B55BE6-754E-492E-A341-3673C2087F89}.Release|Any CPU.Build.0 = Release|Any CPU
		{35F54923-3ACB-43C9-85FF-F274B9F4B16A}.Debug|Any CPU.ActiveCfg = Debug|Any CPU
		{35F54923-3ACB-43C9-85FF-F274B9F4B16A}.Debug|Any CPU.Build.0 = Debug|Any CPU
		{35F54923-3ACB-43C9-85FF-F274B9F4B16A}.Release|Any CPU.ActiveCfg = Release|Any CPU
		{35F54923-3ACB-43C9-85FF-F274B9F4B16A}.Release|Any CPU.Build.0 = Release|Any CPU
	EndGlobalSection
	GlobalSection(SolutionProperties) = preSolution
		HideSolutionNode = FALSE
	EndGlobalSection
	GlobalSection(ExtensibilityGlobals) = postSolution
		SolutionGuid = {7EA5D9AD-A6C1-4389-A17D-C865D0993AF4}
	EndGlobalSection
EndGlobal
